// !$*UTF8*$!
{
	archiveVersion = 1;
	classes = {
	};
	objectVersion = 46;
	objects = {

/* Begin PBXBuildFile section */
		1044F4EB1A118638007DE430 /* AppDelegate.m in Sources */ = {isa = PBXBuildFile; fileRef = 1044F4EA1A118638007DE430 /* AppDelegate.m */; };
		1044F4ED1A118638007DE430 /* main.m in Sources */ = {isa = PBXBuildFile; fileRef = 1044F4EC1A118638007DE430 /* main.m */; };
		1044F4F01A118638007DE430 /* ViewController.m in Sources */ = {isa = PBXBuildFile; fileRef = 1044F4EF1A118638007DE430 /* ViewController.m */; };
		1044F4F21A118638007DE430 /* Images.xcassets in Resources */ = {isa = PBXBuildFile; fileRef = 1044F4F11A118638007DE430 /* Images.xcassets */; };
		1044F4F51A118638007DE430 /* Main.storyboard in Resources */ = {isa = PBXBuildFile; fileRef = 1044F4F31A118638007DE430 /* Main.storyboard */; };
		1044F5011A118638007DE430 /* prrrTests.m in Sources */ = {isa = PBXBuildFile; fileRef = 1044F5001A118638007DE430 /* prrrTests.m */; };
/* End PBXBuildFile section */

/* Begin PBXContainerItemProxy section */
		1044F4FB1A118638007DE430 /* PBXContainerItemProxy */ = {
			isa = PBXContainerItemProxy;
			containerPortal = 1044F4DC1A118638007DE430 /* Project object */;
			proxyType = 1;
			remoteGlobalIDString = 1044F4E31A118638007DE430;
			remoteInfo = prrr;
		};
/* End PBXContainerItemProxy section */

/* Begin PBXFileReference section */
		1044F4E41A118638007DE430 /* prrr.app */ = {isa = PBXFileReference; explicitFileType = wrapper.application; includeInIndex = 0; path = prrr.app; sourceTree = BUILT_PRODUCTS_DIR; };
		1044F4E81A118638007DE430 /* Info.plist */ = {isa = PBXFileReference; lastKnownFileType = text.plist.xml; path = Info.plist; sourceTree = "<group>"; };
		1044F4E91A118638007DE430 /* AppDelegate.h */ = {isa = PBXFileReference; lastKnownFileType = sourcecode.c.h; path = AppDelegate.h; sourceTree = "<group>"; };
		1044F4EA1A118638007DE430 /* AppDelegate.m */ = {isa = PBXFileReference; lastKnownFileType = sourcecode.c.objc; path = AppDelegate.m; sourceTree = "<group>"; };
		1044F4EC1A118638007DE430 /* main.m */ = {isa = PBXFileReference; lastKnownFileType = sourcecode.c.objc; path = main.m; sourceTree = "<group>"; };
		1044F4EE1A118638007DE430 /* ViewController.h */ = {isa = PBXFileReference; lastKnownFileType = sourcecode.c.h; path = ViewController.h; sourceTree = "<group>"; };
		1044F4EF1A118638007DE430 /* ViewController.m */ = {isa = PBXFileReference; lastKnownFileType = sourcecode.c.objc; path = ViewController.m; sourceTree = "<group>"; };
		1044F4F11A118638007DE430 /* Images.xcassets */ = {isa = PBXFileReference; lastKnownFileType = folder.assetcatalog; path = Images.xcassets; sourceTree = "<group>"; };
		1044F4F41A118638007DE430 /* Base */ = {isa = PBXFileReference; lastKnownFileType = file.storyboard; name = Base; path = Base.lproj/Main.storyboard; sourceTree = "<group>"; };
		1044F4FA1A118638007DE430 /* prrrTests.xctest */ = {isa = PBXFileReference; explicitFileType = wrapper.cfbundle; includeInIndex = 0; path = prrrTests.xctest; sourceTree = BUILT_PRODUCTS_DIR; };
		1044F4FF1A118638007DE430 /* Info.plist */ = {isa = PBXFileReference; lastKnownFileType = text.plist.xml; path = Info.plist; sourceTree = "<group>"; };
		1044F5001A118638007DE430 /* prrrTests.m */ = {isa = PBXFileReference; lastKnownFileType = sourcecode.c.objc; path = prrrTests.m; sourceTree = "<group>"; };
/* End PBXFileReference section */

/* Begin PBXFrameworksBuildPhase section */
		1044F4E11A118638007DE430 /* Frameworks */ = {
			isa = PBXFrameworksBuildPhase;
			buildActionMask = 2147483647;
			files = (
			);
			runOnlyForDeploymentPostprocessing = 0;
		};
		1044F4F71A118638007DE430 /* Frameworks */ = {
			isa = PBXFrameworksBuildPhase;
			buildActionMask = 2147483647;
			files = (
			);
			runOnlyForDeploymentPostprocessing = 0;
		};
/* End PBXFrameworksBuildPhase section */

/* Begin PBXGroup section */
		1044F4DB1A118638007DE430 = {
			isa = PBXGroup;
			children = (
				1044F4E61A118638007DE430 /* prrr */,
				1044F4FD1A118638007DE430 /* prrrTests */,
				1044F4E51A118638007DE430 /* Products */,
			);
			sourceTree = "<group>";
		};
		1044F4E51A118638007DE430 /* Products */ = {
			isa = PBXGroup;
			children = (
				1044F4E41A118638007DE430 /* prrr.app */,
				1044F4FA1A118638007DE430 /* prrrTests.xctest */,
			);
			name = Products;
			sourceTree = "<group>";
		};
		1044F4E61A118638007DE430 /* prrr */ = {
			isa = PBXGroup;
			children = (
				1044F4E91A118638007DE430 /* AppDelegate.h */,
				1044F4EA1A118638007DE430 /* AppDelegate.m */,
				1044F4EE1A118638007DE430 /* ViewController.h */,
				1044F4EF1A118638007DE430 /* ViewController.m */,
				1044F4F11A118638007DE430 /* Images.xcassets */,
				1044F4F31A118638007DE430 /* Main.storyboard */,
				1044F4E71A118638007DE430 /* Supporting Files */,
			);
			path = prrr;
			sourceTree = "<group>";
		};
		1044F4E71A118638007DE430 /* Supporting Files */ = {
			isa = PBXGroup;
			children = (
				1044F4E81A118638007DE430 /* Info.plist */,
				1044F4EC1A118638007DE430 /* main.m */,
			);
			name = "Supporting Files";
			sourceTree = "<group>";
		};
		1044F4FD1A118638007DE430 /* prrrTests */ = {
			isa = PBXGroup;
			children = (
				1044F5001A118638007DE430 /* prrrTests.m */,
				1044F4FE1A118638007DE430 /* Supporting Files */,
			);
			path = prrrTests;
			sourceTree = "<group>";
		};
		1044F4FE1A118638007DE430 /* Supporting Files */ = {
			isa = PBXGroup;
			children = (
				1044F4FF1A118638007DE430 /* Info.plist */,
			);
			name = "Supporting Files";
			sourceTree = "<group>";
		};
/* End PBXGroup section */

/* Begin PBXNativeTarget section */
		1044F4E31A118638007DE430 /* prrr */ = {
			isa = PBXNativeTarget;
			buildConfigurationList = 1044F5041A118638007DE430 /* Build configuration list for PBXNativeTarget "prrr" */;
			buildPhases = (
				1044F4E01A118638007DE430 /* Sources */,
				1044F4E11A118638007DE430 /* Frameworks */,
				1044F4E21A118638007DE430 /* Resources */,
			);
			buildRules = (
			);
			dependencies = (
			);
			name = prrr;
			productName = prrr;
			productReference = 1044F4E41A118638007DE430 /* prrr.app */;
			productType = "com.apple.product-type.application";
		};
		1044F4F91A118638007DE430 /* prrrTests */ = {
			isa = PBXNativeTarget;
			buildConfigurationList = 1044F5071A118638007DE430 /* Build configuration list for PBXNativeTarget "prrrTests" */;
			buildPhases = (
				1044F4F61A118638007DE430 /* Sources */,
				1044F4F71A118638007DE430 /* Frameworks */,
				1044F4F81A118638007DE430 /* Resources */,
			);
			buildRules = (
			);
			dependencies = (
				1044F4FC1A118638007DE430 /* PBXTargetDependency */,
			);
			name = prrrTests;
			productName = prrrTests;
			productReference = 1044F4FA1A118638007DE430 /* prrrTests.xctest */;
			productType = "com.apple.product-type.bundle.unit-test";
		};
/* End PBXNativeTarget section */

/* Begin PBXProject section */
		1044F4DC1A118638007DE430 /* Project object */ = {
			isa = PBXProject;
			attributes = {
				LastUpgradeCheck = 0610;
				ORGANIZATIONNAME = "Daniele Ciriello";
				TargetAttributes = {
					1044F4E31A118638007DE430 = {
						CreatedOnToolsVersion = 6.1;
					};
					1044F4F91A118638007DE430 = {
						CreatedOnToolsVersion = 6.1;
						TestTargetID = 1044F4E31A118638007DE430;
					};
				};
			};
			buildConfigurationList = 1044F4DF1A118638007DE430 /* Build configuration list for PBXProject "prrr" */;
			compatibilityVersion = "Xcode 3.2";
			developmentRegion = English;
			hasScannedForEncodings = 0;
			knownRegions = (
				en,
				Base,
			);
			mainGroup = 1044F4DB1A118638007DE430;
			productRefGroup = 1044F4E51A118638007DE430 /* Products */;
			projectDirPath = "";
			projectRoot = "";
			targets = (
				1044F4E31A118638007DE430 /* prrr */,
				1044F4F91A118638007DE430 /* prrrTests */,
			);
		};
/* End PBXProject section */

/* Begin PBXResourcesBuildPhase section */
		1044F4E21A118638007DE430 /* Resources */ = {
			isa = PBXResourcesBuildPhase;
			buildActionMask = 2147483647;
			files = (
				1044F4F21A118638007DE430 /* Images.xcassets in Resources */,
				1044F4F51A118638007DE430 /* Main.storyboard in Resources */,
			);
			runOnlyForDeploymentPostprocessing = 0;
		};
		1044F4F81A118638007DE430 /* Resources */ = {
			isa = PBXResourcesBuildPhase;
			buildActionMask = 2147483647;
			files = (
			);
			runOnlyForDeploymentPostprocessing = 0;
		};
/* End PBXResourcesBuildPhase section */

/* Begin PBXSourcesBuildPhase section */
		1044F4E01A118638007DE430 /* Sources */ = {
			isa = PBXSourcesBuildPhase;
			buildActionMask = 2147483647;
			files = (
				1044F4F01A118638007DE430 /* ViewController.m in Sources */,
				1044F4ED1A118638007DE430 /* main.m in Sources */,
				1044F4EB1A118638007DE430 /* AppDelegate.m in Sources */,
			);
			runOnlyForDeploymentPostprocessing = 0;
		};
		1044F4F61A118638007DE430 /* Sources */ = {
			isa = PBXSourcesBuildPhase;
			buildActionMask = 2147483647;
			files = (
				1044F5011A118638007DE430 /* prrrTests.m in Sources */,
			);
			runOnlyForDeploymentPostprocessing = 0;
		};
/* End PBXSourcesBuildPhase section */

/* Begin PBXTargetDependency section */
		1044F4FC1A118638007DE430 /* PBXTargetDependency */ = {
			isa = PBXTargetDependency;
			target = 1044F4E31A118638007DE430 /* prrr */;
			targetProxy = 1044F4FB1A118638007DE430 /* PBXContainerItemProxy */;
		};
/* End PBXTargetDependency section */

/* Begin PBXVariantGroup section */
		1044F4F31A118638007DE430 /* Main.storyboard */ = {
			isa = PBXVariantGroup;
			children = (
				1044F4F41A118638007DE430 /* Base */,
			);
			name = Main.storyboard;
			sourceTree = "<group>";
		};
/* End PBXVariantGroup section */

/* Begin XCBuildConfiguration section */
		1044F5021A118638007DE430 /* Debug */ = {
			isa = XCBuildConfiguration;
			buildSettings = {
				ALWAYS_SEARCH_USER_PATHS = NO;
				CLANG_CXX_LANGUAGE_STANDARD = "gnu++0x";
				CLANG_CXX_LIBRARY = "libc++";
				CLANG_ENABLE_MODULES = YES;
				CLANG_ENABLE_OBJC_ARC = YES;
				CLANG_WARN_BOOL_CONVERSION = YES;
				CLANG_WARN_CONSTANT_CONVERSION = YES;
				CLANG_WARN_DIRECT_OBJC_ISA_USAGE = YES_ERROR;
				CLANG_WARN_EMPTY_BODY = YES;
				CLANG_WARN_ENUM_CONVERSION = YES;
				CLANG_WARN_INT_CONVERSION = YES;
				CLANG_WARN_OBJC_ROOT_CLASS = YES_ERROR;
				CLANG_WARN_UNREACHABLE_CODE = YES;
				CLANG_WARN__DUPLICATE_METHOD_MATCH = YES;
				CODE_SIGN_IDENTITY = "-";
				COPY_PHASE_STRIP = NO;
				ENABLE_STRICT_OBJC_MSGSEND = YES;
				GCC_C_LANGUAGE_STANDARD = gnu99;
				GCC_DYNAMIC_NO_PIC = NO;
				GCC_OPTIMIZATION_LEVEL = 0;
				GCC_PREPROCESSOR_DEFINITIONS = (
					"DEBUG=1",
					"$(inherited)",
				);
				GCC_SYMBOLS_PRIVATE_EXTERN = NO;
				GCC_WARN_64_TO_32_BIT_CONVERSION = YES;
				GCC_WARN_ABOUT_RETURN_TYPE = YES_ERROR;
				GCC_WARN_UNDECLARED_SELECTOR = YES;
				GCC_WARN_UNINITIALIZED_AUTOS = YES_AGGRESSIVE;
				GCC_WARN_UNUSED_FUNCTION = YES;
				GCC_WARN_UNUSED_VARIABLE = YES;
				MACOSX_DEPLOYMENT_TARGET = 10.10;
				MTL_ENABLE_DEBUG_INFO = YES;
				ONLY_ACTIVE_ARCH = YES;
				SDKROOT = macosx;
			};
			name = Debug;
		};
		1044F5031A118638007DE430 /* Release */ = {
			isa = XCBuildConfiguration;
			buildSettings = {
				ALWAYS_SEARCH_USER_PATHS = NO;
				CLANG_CXX_LANGUAGE_STANDARD = "gnu++0x";
				CLANG_CXX_LIBRARY = "libc++";
				CLANG_ENABLE_MODULES = YES;
				CLANG_ENABLE_OBJC_ARC = YES;
				CLANG_WARN_BOOL_CONVERSION = YES;
				CLANG_WARN_CONSTANT_CONVERSION = YES;
				CLANG_WARN_DIRECT_OBJC_ISA_USAGE = YES_ERROR;
				CLANG_WARN_EMPTY_BODY = YES;
				CLANG_WARN_ENUM_CONVERSION = YES;
				CLANG_WARN_INT_CONVERSION = YES;
				CLANG_WARN_OBJC_ROOT_CLASS = YES_ERROR;
				CLANG_WARN_UNREACHABLE_CODE = YES;
				CLANG_WARN__DUPLICATE_METHOD_MATCH = YES;
				CODE_SIGN_IDENTITY = "-";
				COPY_PHASE_STRIP = YES;
				DEBUG_INFORMATION_FORMAT = "dwarf-with-dsym";
				ENABLE_NS_ASSERTIONS = NO;
				ENABLE_STRICT_OBJC_MSGSEND = YES;
				GCC_C_LANGUAGE_STANDARD = gnu99;
				GCC_WARN_64_TO_32_BIT_CONVERSION = YES;
				GCC_WARN_ABOUT_RETURN_TYPE = YES_ERROR;
				GCC_WARN_UNDECLARED_SELECTOR = YES;
				GCC_WARN_UNINITIALIZED_AUTOS = YES_AGGRESSIVE;
				GCC_WARN_UNUSED_FUNCTION = YES;
				GCC_WARN_UNUSED_VARIABLE = YES;
				MACOSX_DEPLOYMENT_TARGET = 10.10;
				MTL_ENABLE_DEBUG_INFO = NO;
				SDKROOT = macosx;
			};
			name = Release;
		};
		1044F5051A118638007DE430 /* Debug */ = {
			isa = XCBuildConfiguration;
			buildSettings = {
				ASSETCATALOG_COMPILER_APPICON_NAME = AppIcon;
				COMBINE_HIDPI_IMAGES = YES;
				INFOPLIST_FILE = prrr/Info.plist;
				LD_RUNPATH_SEARCH_PATHS = "$(inherited) @executable_path/../Frameworks";
				PRODUCT_NAME = "$(TARGET_NAME)";
			};
			name = Debug;
		};
		1044F5061A118638007DE430 /* Release */ = {
			isa = XCBuildConfiguration;
			buildSettings = {
				ASSETCATALOG_COMPILER_APPICON_NAME = AppIcon;
				COMBINE_HIDPI_IMAGES = YES;
				INFOPLIST_FILE = prrr/Info.plist;
				LD_RUNPATH_SEARCH_PATHS = "$(inherited) @executable_path/../Frameworks";
				PRODUCT_NAME = "$(TARGET_NAME)";
			};
			name = Release;
		};
		1044F5081A118638007DE430 /* Debug */ = {
			isa = XCBuildConfiguration;
			buildSettings = {
				BUNDLE_LOADER = "$(TEST_HOST)";
				COMBINE_HIDPI_IMAGES = YES;
				FRAMEWORK_SEARCH_PATHS = (
					"$(DEVELOPER_FRAMEWORKS_DIR)",
					"$(inherited)",
				);
				GCC_PREPROCESSOR_DEFINITIONS = (
					"DEBUG=1",
					"$(inherited)",
				);
				INFOPLIST_FILE = prrrTests/Info.plist;
				LD_RUNPATH_SEARCH_PATHS = "$(inherited) @executable_path/../Frameworks @loader_path/../Frameworks";
				PRODUCT_NAME = "$(TARGET_NAME)";
				TEST_HOST = "$(BUILT_PRODUCTS_DIR)/prrr.app/Contents/MacOS/prrr";
			};
			name = Debug;
		};
		1044F5091A118638007DE430 /* Release */ = {
			isa = XCBuildConfiguration;
			buildSettings = {
				BUNDLE_LOADER = "$(TEST_HOST)";
				COMBINE_HIDPI_IMAGES = YES;
				FRAMEWORK_SEARCH_PATHS = (
					"$(DEVELOPER_FRAMEWORKS_DIR)",
					"$(inherited)",
				);
				INFOPLIST_FILE = prrrTests/Info.plist;
				LD_RUNPATH_SEARCH_PATHS = "$(inherited) @executable_path/../Frameworks @loader_path/../Frameworks";
				PRODUCT_NAME = "$(TARGET_NAME)";
				TEST_HOST = "$(BUILT_PRODUCTS_DIR)/prrr.app/Contents/MacOS/prrr";
			};
			name = Release;
		};
/* End XCBuildConfiguration section */

/* Begin XCConfigurationList section */
		1044F4DF1A118638007DE430 /* Build configuration list for PBXProject "prrr" */ = {
			isa = XCConfigurationList;
			buildConfigurations = (
				1044F5021A118638007DE430 /* Debug */,
				1044F5031A118638007DE430 /* Release */,
			);
			defaultConfigurationIsVisible = 0;
			defaultConfigurationName = Release;
		};
		1044F5041A118638007DE430 /* Build configuration list for PBXNativeTarget "prrr" */ = {
			isa = XCConfigurationList;
			buildConfigurations = (
				1044F5051A118638007DE430 /* Debug */,
				1044F5061A118638007DE430 /* Release */,
			);
			defaultConfigurationIsVisible = 0;
		};
		1044F5071A118638007DE430 /* Build configuration list for PBXNativeTarget "prrrTests" */ = {
			isa = XCConfigurationList;
			buildConfigurations = (
				1044F5081A118638007DE430 /* Debug */,
				1044F5091A118638007DE430 /* Release */,
			);
			defaultConfigurationIsVisible = 0;
		};
/* End XCConfigurationList section */
	};
	rootObject = 1044F4DC1A118638007DE430 /* Project object */;
}
